
Microsoft Visual Studio Solution File, Format Version 12.00
# Visual Studio Version 17
VisualStudioVersion = 17.3.32929.385
MinimumVisualStudioVersion = 10.0.40219.1
Project("{8BC9CEB8-8B4A-11D0-8D11-00A0C91BC942}") = "MiniSDVX_HID_test", "MiniSDVX_HID_test\MiniSDVX_HID_test.vcxproj", "{D55997B0-02FF-4F35-B07A-B59ACA89442C}"
EndProject
Global
	GlobalSection(SolutionConfigurationPlatforms) = preSolution
		Debug|x64 = Debug|x64
		Debug|x86 = Debug|x86
		Release|x64 = Release|x64
		Release|x86 = Release|x86
	EndGlobalSection
	GlobalSection(ProjectConfigurationPlatforms) = postSolution
		{D55997B0-02FF-4F35-B07A-B59ACA89442C}.Debug|x64.ActiveCfg = Debug|x64
		{D55997B0-02FF-4F35-B07A-B59ACA89442C}.Debug|x64.Build.0 = Debug|x64
		{D55997B0-02FF-4F35-B07A-B59ACA89442C}.Debug|x86.ActiveCfg = Debug|Win32
		{D55997B0-02FF-4F35-B07A-B59ACA89442C}.Debug|x86.Build.0 = Debug|Win32
		{D55997B0-02FF-4F35-B07A-B59ACA89442C}.Release|x64.ActiveCfg = Release|x64
		{D55997B0-02FF-4F35-B07A-B59ACA89442C}.Release|x64.Build.0 = Release|x64
		{D55997B0-02FF-4F35-B07A-B59ACA89442C}.Release|x86.ActiveCfg = Release|Win32
		{D55997B0-02FF-4F35-B07A-B59ACA89442C}.Release|x86.Build.0 = Release|Win32
	EndGlobalSection
	GlobalSection(SolutionProperties) = preSolution
		HideSolutionNode = FALSE
	EndGlobalSection
	GlobalSection(ExtensibilityGlobals) = postSolution
		SolutionGuid = {2E6BA084-3DF5-45C0-869B-CC99DDBF8414}
	EndGlobalSection
EndGlobal
